{
  "lockfileVersion": 1,
  "workspaces": {
    "": {
      "name": "auto-trade",
      "dependencies": {
        "@hookform/resolvers": "^4.1.3",
        "@iconify/react": "^5.2.0",
        "@tanstack/react-query": "^5.69.0",
        "@tanstack/react-router": "^1.114.27",
        "framer-motion": "^12.5.0",
        "react": "^19.0.0",
        "react-dom": "^19.0.0",
        "react-error-boundary": "^5.0.0",
        "react-hook-form": "^7.54.2",
        "zod": "^3.24.2",
        "zustand": "^5.0.3",
      },
      "devDependencies": {
        "@types/node": "^22.5.4",
        "@types/react": "^19.0.8",
        "@types/react-dom": "^19.0.3",
        "@vitejs/plugin-react-swc": "^3.8.1",
        "sass": "^1.86.0",
        "terser": "^5.39.0",
        "typescript": "^5.7.2",
        "vite": "^6.2.2",
        "vite-plugin-compression": "^0.5.1",
        "vite-tsconfig-paths": "^5.1.4",
      },
    },
  },
  "packages": {
    "@babel/runtime": ["@babel/runtime@7.26.10", "", { "dependencies": { "regenerator-runtime": "^0.14.0" } }, "sha512-2WJMeRQPHKSPemqk/awGrAiuFfzBmOIPXKizAsVhWH9YJqLZ0H+HS4c8loHGgW6utJ3E/ejXQUsiGaQy2NZ9Fw=="],

    "@esbuild/aix-ppc64": ["@esbuild/aix-ppc64@0.25.1", "", { "os": "aix", "cpu": "ppc64" }, "sha512-kfYGy8IdzTGy+z0vFGvExZtxkFlA4zAxgKEahG9KE1ScBjpQnFsNOX8KTU5ojNru5ed5CVoJYXFtoxaq5nFbjQ=="],

    "@esbuild/android-arm": ["@esbuild/android-arm@0.25.1", "", { "os": "android", "cpu": "arm" }, "sha512-dp+MshLYux6j/JjdqVLnMglQlFu+MuVeNrmT5nk6q07wNhCdSnB7QZj+7G8VMUGh1q+vj2Bq8kRsuyA00I/k+Q=="],

    "@esbuild/android-arm64": ["@esbuild/android-arm64@0.25.1", "", { "os": "android", "cpu": "arm64" }, "sha512-50tM0zCJW5kGqgG7fQ7IHvQOcAn9TKiVRuQ/lN0xR+T2lzEFvAi1ZcS8DiksFcEpf1t/GYOeOfCAgDHFpkiSmA=="],

    "@esbuild/android-x64": ["@esbuild/android-x64@0.25.1", "", { "os": "android", "cpu": "x64" }, "sha512-GCj6WfUtNldqUzYkN/ITtlhwQqGWu9S45vUXs7EIYf+7rCiiqH9bCloatO9VhxsL0Pji+PF4Lz2XXCES+Q8hDw=="],

    "@esbuild/darwin-arm64": ["@esbuild/darwin-arm64@0.25.1", "", { "os": "darwin", "cpu": "arm64" }, "sha512-5hEZKPf+nQjYoSr/elb62U19/l1mZDdqidGfmFutVUjjUZrOazAtwK+Kr+3y0C/oeJfLlxo9fXb1w7L+P7E4FQ=="],

    "@esbuild/darwin-x64": ["@esbuild/darwin-x64@0.25.1", "", { "os": "darwin", "cpu": "x64" }, "sha512-hxVnwL2Dqs3fM1IWq8Iezh0cX7ZGdVhbTfnOy5uURtao5OIVCEyj9xIzemDi7sRvKsuSdtCAhMKarxqtlyVyfA=="],

    "@esbuild/freebsd-arm64": ["@esbuild/freebsd-arm64@0.25.1", "", { "os": "freebsd", "cpu": "arm64" }, "sha512-1MrCZs0fZa2g8E+FUo2ipw6jw5qqQiH+tERoS5fAfKnRx6NXH31tXBKI3VpmLijLH6yriMZsxJtaXUyFt/8Y4A=="],

    "@esbuild/freebsd-x64": ["@esbuild/freebsd-x64@0.25.1", "", { "os": "freebsd", "cpu": "x64" }, "sha512-0IZWLiTyz7nm0xuIs0q1Y3QWJC52R8aSXxe40VUxm6BB1RNmkODtW6LHvWRrGiICulcX7ZvyH6h5fqdLu4gkww=="],

    "@esbuild/linux-arm": ["@esbuild/linux-arm@0.25.1", "", { "os": "linux", "cpu": "arm" }, "sha512-NdKOhS4u7JhDKw9G3cY6sWqFcnLITn6SqivVArbzIaf3cemShqfLGHYMx8Xlm/lBit3/5d7kXvriTUGa5YViuQ=="],

    "@esbuild/linux-arm64": ["@esbuild/linux-arm64@0.25.1", "", { "os": "linux", "cpu": "arm64" }, "sha512-jaN3dHi0/DDPelk0nLcXRm1q7DNJpjXy7yWaWvbfkPvI+7XNSc/lDOnCLN7gzsyzgu6qSAmgSvP9oXAhP973uQ=="],

    "@esbuild/linux-ia32": ["@esbuild/linux-ia32@0.25.1", "", { "os": "linux", "cpu": "ia32" }, "sha512-OJykPaF4v8JidKNGz8c/q1lBO44sQNUQtq1KktJXdBLn1hPod5rE/Hko5ugKKZd+D2+o1a9MFGUEIUwO2YfgkQ=="],

    "@esbuild/linux-loong64": ["@esbuild/linux-loong64@0.25.1", "", { "os": "linux", "cpu": "none" }, "sha512-nGfornQj4dzcq5Vp835oM/o21UMlXzn79KobKlcs3Wz9smwiifknLy4xDCLUU0BWp7b/houtdrgUz7nOGnfIYg=="],

    "@esbuild/linux-mips64el": ["@esbuild/linux-mips64el@0.25.1", "", { "os": "linux", "cpu": "none" }, "sha512-1osBbPEFYwIE5IVB/0g2X6i1qInZa1aIoj1TdL4AaAb55xIIgbg8Doq6a5BzYWgr+tEcDzYH67XVnTmUzL+nXg=="],

    "@esbuild/linux-ppc64": ["@esbuild/linux-ppc64@0.25.1", "", { "os": "linux", "cpu": "ppc64" }, "sha512-/6VBJOwUf3TdTvJZ82qF3tbLuWsscd7/1w+D9LH0W/SqUgM5/JJD0lrJ1fVIfZsqB6RFmLCe0Xz3fmZc3WtyVg=="],

    "@esbuild/linux-riscv64": ["@esbuild/linux-riscv64@0.25.1", "", { "os": "linux", "cpu": "none" }, "sha512-nSut/Mx5gnilhcq2yIMLMe3Wl4FK5wx/o0QuuCLMtmJn+WeWYoEGDN1ipcN72g1WHsnIbxGXd4i/MF0gTcuAjQ=="],

    "@esbuild/linux-s390x": ["@esbuild/linux-s390x@0.25.1", "", { "os": "linux", "cpu": "s390x" }, "sha512-cEECeLlJNfT8kZHqLarDBQso9a27o2Zd2AQ8USAEoGtejOrCYHNtKP8XQhMDJMtthdF4GBmjR2au3x1udADQQQ=="],

    "@esbuild/linux-x64": ["@esbuild/linux-x64@0.25.1", "", { "os": "linux", "cpu": "x64" }, "sha512-xbfUhu/gnvSEg+EGovRc+kjBAkrvtk38RlerAzQxvMzlB4fXpCFCeUAYzJvrnhFtdeyVCDANSjJvOvGYoeKzFA=="],

    "@esbuild/netbsd-arm64": ["@esbuild/netbsd-arm64@0.25.1", "", { "os": "none", "cpu": "arm64" }, "sha512-O96poM2XGhLtpTh+s4+nP7YCCAfb4tJNRVZHfIE7dgmax+yMP2WgMd2OecBuaATHKTHsLWHQeuaxMRnCsH8+5g=="],

    "@esbuild/netbsd-x64": ["@esbuild/netbsd-x64@0.25.1", "", { "os": "none", "cpu": "x64" }, "sha512-X53z6uXip6KFXBQ+Krbx25XHV/NCbzryM6ehOAeAil7X7oa4XIq+394PWGnwaSQ2WRA0KI6PUO6hTO5zeF5ijA=="],

    "@esbuild/openbsd-arm64": ["@esbuild/openbsd-arm64@0.25.1", "", { "os": "openbsd", "cpu": "arm64" }, "sha512-Na9T3szbXezdzM/Kfs3GcRQNjHzM6GzFBeU1/6IV/npKP5ORtp9zbQjvkDJ47s6BCgaAZnnnu/cY1x342+MvZg=="],

    "@esbuild/openbsd-x64": ["@esbuild/openbsd-x64@0.25.1", "", { "os": "openbsd", "cpu": "x64" }, "sha512-T3H78X2h1tszfRSf+txbt5aOp/e7TAz3ptVKu9Oyir3IAOFPGV6O9c2naym5TOriy1l0nNf6a4X5UXRZSGX/dw=="],

    "@esbuild/sunos-x64": ["@esbuild/sunos-x64@0.25.1", "", { "os": "sunos", "cpu": "x64" }, "sha512-2H3RUvcmULO7dIE5EWJH8eubZAI4xw54H1ilJnRNZdeo8dTADEZ21w6J22XBkXqGJbe0+wnNJtw3UXRoLJnFEg=="],

    "@esbuild/win32-arm64": ["@esbuild/win32-arm64@0.25.1", "", { "os": "win32", "cpu": "arm64" }, "sha512-GE7XvrdOzrb+yVKB9KsRMq+7a2U/K5Cf/8grVFRAGJmfADr/e/ODQ134RK2/eeHqYV5eQRFxb1hY7Nr15fv1NQ=="],

    "@esbuild/win32-ia32": ["@esbuild/win32-ia32@0.25.1", "", { "os": "win32", "cpu": "ia32" }, "sha512-uOxSJCIcavSiT6UnBhBzE8wy3n0hOkJsBOzy7HDAuTDE++1DJMRRVCPGisULScHL+a/ZwdXPpXD3IyFKjA7K8A=="],

    "@esbuild/win32-x64": ["@esbuild/win32-x64@0.25.1", "", { "os": "win32", "cpu": "x64" }, "sha512-Y1EQdcfwMSeQN/ujR5VayLOJ1BHaK+ssyk0AEzPjC+t1lITgsnccPqFjb6V+LsTp/9Iov4ysfjxLaGJ9RPtkVg=="],

    "@hookform/resolvers": ["@hookform/resolvers@4.1.3", "", { "dependencies": { "@standard-schema/utils": "^0.3.0" }, "peerDependencies": { "react-hook-form": "^7.0.0" } }, "sha512-Jsv6UOWYTrEFJ/01ZrnwVXs7KDvP8XIo115i++5PWvNkNvkrsTfGiLS6w+eJ57CYtUtDQalUWovCZDHFJ8u1VQ=="],

    "@iconify/react": ["@iconify/react@5.2.0", "", { "dependencies": { "@iconify/types": "^2.0.0" }, "peerDependencies": { "react": ">=16" } }, "sha512-7Sdjrqq3fkkQNks9SY3adGC37NQTHsBJL2PRKlQd455PoDi9s+Es9AUTY+vGLFOYs5yO9w9yCE42pmxCwG26WA=="],

    "@iconify/types": ["@iconify/types@2.0.0", "", {}, "sha512-+wluvCrRhXrhyOmRDJ3q8mux9JkKy5SJ/v8ol2tu4FVjyYvtEzkc/3pK15ET6RKg4b4w4BmTk1+gsCUhf21Ykg=="],

    "@jridgewell/gen-mapping": ["@jridgewell/gen-mapping@0.3.8", "", { "dependencies": { "@jridgewell/set-array": "^1.2.1", "@jridgewell/sourcemap-codec": "^1.4.10", "@jridgewell/trace-mapping": "^0.3.24" } }, "sha512-imAbBGkb+ebQyxKgzv5Hu2nmROxoDOXHh80evxdoXNOrvAnVx7zimzc1Oo5h9RlfV4vPXaE2iM5pOFbvOCClWA=="],

    "@jridgewell/resolve-uri": ["@jridgewell/resolve-uri@3.1.2", "", {}, "sha512-bRISgCIjP20/tbWSPWMEi54QVPRZExkuD9lJL+UIxUKtwVJA8wW1Trb1jMs1RFXo1CBTNZ/5hpC9QvmKWdopKw=="],

    "@jridgewell/set-array": ["@jridgewell/set-array@1.2.1", "", {}, "sha512-R8gLRTZeyp03ymzP/6Lil/28tGeGEzhx1q2k703KGWRAI1VdvPIXdG70VJc2pAMw3NA6JKL5hhFu1sJX0Mnn/A=="],

    "@jridgewell/source-map": ["@jridgewell/source-map@0.3.6", "", { "dependencies": { "@jridgewell/gen-mapping": "^0.3.5", "@jridgewell/trace-mapping": "^0.3.25" } }, "sha512-1ZJTZebgqllO79ue2bm3rIGud/bOe0pP5BjSRCRxxYkEZS8STV7zN84UBbiYu7jy+eCKSnVIUgoWWE/tt+shMQ=="],

    "@jridgewell/sourcemap-codec": ["@jridgewell/sourcemap-codec@1.5.0", "", {}, "sha512-gv3ZRaISU3fjPAgNsriBRqGWQL6quFx04YMPW/zD8XMLsU32mhCCbfbO6KZFLjvYpCZ8zyDEgqsgf+PwPaM7GQ=="],

    "@jridgewell/trace-mapping": ["@jridgewell/trace-mapping@0.3.25", "", { "dependencies": { "@jridgewell/resolve-uri": "^3.1.0", "@jridgewell/sourcemap-codec": "^1.4.14" } }, "sha512-vNk6aEwybGtawWmy/PzwnGDOjCkLWSD2wqvjGGAgOAwCGWySYXfYoxt00IJkTF+8Lb57DwOb3Aa0o9CApepiYQ=="],

    "@parcel/watcher": ["@parcel/watcher@2.5.1", "", { "dependencies": { "detect-libc": "^1.0.3", "is-glob": "^4.0.3", "micromatch": "^4.0.5", "node-addon-api": "^7.0.0" }, "optionalDependencies": { "@parcel/watcher-android-arm64": "2.5.1", "@parcel/watcher-darwin-arm64": "2.5.1", "@parcel/watcher-darwin-x64": "2.5.1", "@parcel/watcher-freebsd-x64": "2.5.1", "@parcel/watcher-linux-arm-glibc": "2.5.1", "@parcel/watcher-linux-arm-musl": "2.5.1", "@parcel/watcher-linux-arm64-glibc": "2.5.1", "@parcel/watcher-linux-arm64-musl": "2.5.1", "@parcel/watcher-linux-x64-glibc": "2.5.1", "@parcel/watcher-linux-x64-musl": "2.5.1", "@parcel/watcher-win32-arm64": "2.5.1", "@parcel/watcher-win32-ia32": "2.5.1", "@parcel/watcher-win32-x64": "2.5.1" } }, "sha512-dfUnCxiN9H4ap84DvD2ubjw+3vUNpstxa0TneY/Paat8a3R4uQZDLSvWjmznAY/DoahqTHl9V46HF/Zs3F29pg=="],

    "@parcel/watcher-android-arm64": ["@parcel/watcher-android-arm64@2.5.1", "", { "os": "android", "cpu": "arm64" }, "sha512-KF8+j9nNbUN8vzOFDpRMsaKBHZ/mcjEjMToVMJOhTozkDonQFFrRcfdLWn6yWKCmJKmdVxSgHiYvTCef4/qcBA=="],

    "@parcel/watcher-darwin-arm64": ["@parcel/watcher-darwin-arm64@2.5.1", "", { "os": "darwin", "cpu": "arm64" }, "sha512-eAzPv5osDmZyBhou8PoF4i6RQXAfeKL9tjb3QzYuccXFMQU0ruIc/POh30ePnaOyD1UXdlKguHBmsTs53tVoPw=="],

    "@parcel/watcher-darwin-x64": ["@parcel/watcher-darwin-x64@2.5.1", "", { "os": "darwin", "cpu": "x64" }, "sha512-1ZXDthrnNmwv10A0/3AJNZ9JGlzrF82i3gNQcWOzd7nJ8aj+ILyW1MTxVk35Db0u91oD5Nlk9MBiujMlwmeXZg=="],

    "@parcel/watcher-freebsd-x64": ["@parcel/watcher-freebsd-x64@2.5.1", "", { "os": "freebsd", "cpu": "x64" }, "sha512-SI4eljM7Flp9yPuKi8W0ird8TI/JK6CSxju3NojVI6BjHsTyK7zxA9urjVjEKJ5MBYC+bLmMcbAWlZ+rFkLpJQ=="],

    "@parcel/watcher-linux-arm-glibc": ["@parcel/watcher-linux-arm-glibc@2.5.1", "", { "os": "linux", "cpu": "arm" }, "sha512-RCdZlEyTs8geyBkkcnPWvtXLY44BCeZKmGYRtSgtwwnHR4dxfHRG3gR99XdMEdQ7KeiDdasJwwvNSF5jKtDwdA=="],

    "@parcel/watcher-linux-arm-musl": ["@parcel/watcher-linux-arm-musl@2.5.1", "", { "os": "linux", "cpu": "arm" }, "sha512-6E+m/Mm1t1yhB8X412stiKFG3XykmgdIOqhjWj+VL8oHkKABfu/gjFj8DvLrYVHSBNC+/u5PeNrujiSQ1zwd1Q=="],

    "@parcel/watcher-linux-arm64-glibc": ["@parcel/watcher-linux-arm64-glibc@2.5.1", "", { "os": "linux", "cpu": "arm64" }, "sha512-LrGp+f02yU3BN9A+DGuY3v3bmnFUggAITBGriZHUREfNEzZh/GO06FF5u2kx8x+GBEUYfyTGamol4j3m9ANe8w=="],

    "@parcel/watcher-linux-arm64-musl": ["@parcel/watcher-linux-arm64-musl@2.5.1", "", { "os": "linux", "cpu": "arm64" }, "sha512-cFOjABi92pMYRXS7AcQv9/M1YuKRw8SZniCDw0ssQb/noPkRzA+HBDkwmyOJYp5wXcsTrhxO0zq1U11cK9jsFg=="],

    "@parcel/watcher-linux-x64-glibc": ["@parcel/watcher-linux-x64-glibc@2.5.1", "", { "os": "linux", "cpu": "x64" }, "sha512-GcESn8NZySmfwlTsIur+49yDqSny2IhPeZfXunQi48DMugKeZ7uy1FX83pO0X22sHntJ4Ub+9k34XQCX+oHt2A=="],

    "@parcel/watcher-linux-x64-musl": ["@parcel/watcher-linux-x64-musl@2.5.1", "", { "os": "linux", "cpu": "x64" }, "sha512-n0E2EQbatQ3bXhcH2D1XIAANAcTZkQICBPVaxMeaCVBtOpBZpWJuf7LwyWPSBDITb7In8mqQgJ7gH8CILCURXg=="],

    "@parcel/watcher-win32-arm64": ["@parcel/watcher-win32-arm64@2.5.1", "", { "os": "win32", "cpu": "arm64" }, "sha512-RFzklRvmc3PkjKjry3hLF9wD7ppR4AKcWNzH7kXR7GUe0Igb3Nz8fyPwtZCSquGrhU5HhUNDr/mKBqj7tqA2Vw=="],

    "@parcel/watcher-win32-ia32": ["@parcel/watcher-win32-ia32@2.5.1", "", { "os": "win32", "cpu": "ia32" }, "sha512-c2KkcVN+NJmuA7CGlaGD1qJh1cLfDnQsHjE89E60vUEMlqduHGCdCLJCID5geFVM0dOtA3ZiIO8BoEQmzQVfpQ=="],

    "@parcel/watcher-win32-x64": ["@parcel/watcher-win32-x64@2.5.1", "", { "os": "win32", "cpu": "x64" }, "sha512-9lHBdJITeNR++EvSQVUcaZoWupyHfXe1jZvGZ06O/5MflPcuPLtEphScIBL+AiCWBO46tDSHzWyD0uDmmZqsgA=="],

    "@rollup/rollup-android-arm-eabi": ["@rollup/rollup-android-arm-eabi@4.37.0", "", { "os": "android", "cpu": "arm" }, "sha512-l7StVw6WAa8l3vA1ov80jyetOAEo1FtHvZDbzXDO/02Sq/QVvqlHkYoFwDJPIMj0GKiistsBudfx5tGFnwYWDQ=="],

    "@rollup/rollup-android-arm64": ["@rollup/rollup-android-arm64@4.37.0", "", { "os": "android", "cpu": "arm64" }, "sha512-6U3SlVyMxezt8Y+/iEBcbp945uZjJwjZimu76xoG7tO1av9VO691z8PkhzQ85ith2I8R2RddEPeSfcbyPfD4hA=="],

    "@rollup/rollup-darwin-arm64": ["@rollup/rollup-darwin-arm64@4.37.0", "", { "os": "darwin", "cpu": "arm64" }, "sha512-+iTQ5YHuGmPt10NTzEyMPbayiNTcOZDWsbxZYR1ZnmLnZxG17ivrPSWFO9j6GalY0+gV3Jtwrrs12DBscxnlYA=="],

    "@rollup/rollup-darwin-x64": ["@rollup/rollup-darwin-x64@4.37.0", "", { "os": "darwin", "cpu": "x64" }, "sha512-m8W2UbxLDcmRKVjgl5J/k4B8d7qX2EcJve3Sut7YGrQoPtCIQGPH5AMzuFvYRWZi0FVS0zEY4c8uttPfX6bwYQ=="],

    "@rollup/rollup-freebsd-arm64": ["@rollup/rollup-freebsd-arm64@4.37.0", "", { "os": "freebsd", "cpu": "arm64" }, "sha512-FOMXGmH15OmtQWEt174v9P1JqqhlgYge/bUjIbiVD1nI1NeJ30HYT9SJlZMqdo1uQFyt9cz748F1BHghWaDnVA=="],

    "@rollup/rollup-freebsd-x64": ["@rollup/rollup-freebsd-x64@4.37.0", "", { "os": "freebsd", "cpu": "x64" }, "sha512-SZMxNttjPKvV14Hjck5t70xS3l63sbVwl98g3FlVVx2YIDmfUIy29jQrsw06ewEYQ8lQSuY9mpAPlmgRD2iSsA=="],

    "@rollup/rollup-linux-arm-gnueabihf": ["@rollup/rollup-linux-arm-gnueabihf@4.37.0", "", { "os": "linux", "cpu": "arm" }, "sha512-hhAALKJPidCwZcj+g+iN+38SIOkhK2a9bqtJR+EtyxrKKSt1ynCBeqrQy31z0oWU6thRZzdx53hVgEbRkuI19w=="],

    "@rollup/rollup-linux-arm-musleabihf": ["@rollup/rollup-linux-arm-musleabihf@4.37.0", "", { "os": "linux", "cpu": "arm" }, "sha512-jUb/kmn/Gd8epbHKEqkRAxq5c2EwRt0DqhSGWjPFxLeFvldFdHQs/n8lQ9x85oAeVb6bHcS8irhTJX2FCOd8Ag=="],

    "@rollup/rollup-linux-arm64-gnu": ["@rollup/rollup-linux-arm64-gnu@4.37.0", "", { "os": "linux", "cpu": "arm64" }, "sha512-oNrJxcQT9IcbcmKlkF+Yz2tmOxZgG9D9GRq+1OE6XCQwCVwxixYAa38Z8qqPzQvzt1FCfmrHX03E0pWoXm1DqA=="],

    "@rollup/rollup-linux-arm64-musl": ["@rollup/rollup-linux-arm64-musl@4.37.0", "", { "os": "linux", "cpu": "arm64" }, "sha512-pfxLBMls+28Ey2enpX3JvjEjaJMBX5XlPCZNGxj4kdJyHduPBXtxYeb8alo0a7bqOoWZW2uKynhHxF/MWoHaGQ=="],

    "@rollup/rollup-linux-loongarch64-gnu": ["@rollup/rollup-linux-loongarch64-gnu@4.37.0", "", { "os": "linux", "cpu": "none" }, "sha512-yCE0NnutTC/7IGUq/PUHmoeZbIwq3KRh02e9SfFh7Vmc1Z7atuJRYWhRME5fKgT8aS20mwi1RyChA23qSyRGpA=="],

    "@rollup/rollup-linux-powerpc64le-gnu": ["@rollup/rollup-linux-powerpc64le-gnu@4.37.0", "", { "os": "linux", "cpu": "ppc64" }, "sha512-NxcICptHk06E2Lh3a4Pu+2PEdZ6ahNHuK7o6Np9zcWkrBMuv21j10SQDJW3C9Yf/A/P7cutWoC/DptNLVsZ0VQ=="],

    "@rollup/rollup-linux-riscv64-gnu": ["@rollup/rollup-linux-riscv64-gnu@4.37.0", "", { "os": "linux", "cpu": "none" }, "sha512-PpWwHMPCVpFZLTfLq7EWJWvrmEuLdGn1GMYcm5MV7PaRgwCEYJAwiN94uBuZev0/J/hFIIJCsYw4nLmXA9J7Pw=="],

    "@rollup/rollup-linux-riscv64-musl": ["@rollup/rollup-linux-riscv64-musl@4.37.0", "", { "os": "linux", "cpu": "none" }, "sha512-DTNwl6a3CfhGTAOYZ4KtYbdS8b+275LSLqJVJIrPa5/JuIufWWZ/QFvkxp52gpmguN95eujrM68ZG+zVxa8zHA=="],

    "@rollup/rollup-linux-s390x-gnu": ["@rollup/rollup-linux-s390x-gnu@4.37.0", "", { "os": "linux", "cpu": "s390x" }, "sha512-hZDDU5fgWvDdHFuExN1gBOhCuzo/8TMpidfOR+1cPZJflcEzXdCy1LjnklQdW8/Et9sryOPJAKAQRw8Jq7Tg+A=="],

    "@rollup/rollup-linux-x64-gnu": ["@rollup/rollup-linux-x64-gnu@4.37.0", "", { "os": "linux", "cpu": "x64" }, "sha512-pKivGpgJM5g8dwj0ywBwe/HeVAUSuVVJhUTa/URXjxvoyTT/AxsLTAbkHkDHG7qQxLoW2s3apEIl26uUe08LVQ=="],

    "@rollup/rollup-linux-x64-musl": ["@rollup/rollup-linux-x64-musl@4.37.0", "", { "os": "linux", "cpu": "x64" }, "sha512-E2lPrLKE8sQbY/2bEkVTGDEk4/49UYRVWgj90MY8yPjpnGBQ+Xi1Qnr7b7UIWw1NOggdFQFOLZ8+5CzCiz143w=="],

    "@rollup/rollup-win32-arm64-msvc": ["@rollup/rollup-win32-arm64-msvc@4.37.0", "", { "os": "win32", "cpu": "arm64" }, "sha512-Jm7biMazjNzTU4PrQtr7VS8ibeys9Pn29/1bm4ph7CP2kf21950LgN+BaE2mJ1QujnvOc6p54eWWiVvn05SOBg=="],

    "@rollup/rollup-win32-ia32-msvc": ["@rollup/rollup-win32-ia32-msvc@4.37.0", "", { "os": "win32", "cpu": "ia32" }, "sha512-e3/1SFm1OjefWICB2Ucstg2dxYDkDTZGDYgwufcbsxTHyqQps1UQf33dFEChBNmeSsTOyrjw2JJq0zbG5GF6RA=="],

    "@rollup/rollup-win32-x64-msvc": ["@rollup/rollup-win32-x64-msvc@4.37.0", "", { "os": "win32", "cpu": "x64" }, "sha512-LWbXUBwn/bcLx2sSsqy7pK5o+Nr+VCoRoAohfJ5C/aBio9nfJmGQqHAhU6pwxV/RmyTk5AqdySma7uwWGlmeuA=="],

    "@standard-schema/utils": ["@standard-schema/utils@0.3.0", "", {}, "sha512-e7Mew686owMaPJVNNLs55PUvgz371nKgwsc4vxE49zsODpJEnxgxRo2y/OKrqueavXgZNMDVj3DdHFlaSAeU8g=="],

    "@swc/core": ["@swc/core@1.11.13", "", { "dependencies": { "@swc/counter": "^0.1.3", "@swc/types": "^0.1.19" }, "optionalDependencies": { "@swc/core-darwin-arm64": "1.11.13", "@swc/core-darwin-x64": "1.11.13", "@swc/core-linux-arm-gnueabihf": "1.11.13", "@swc/core-linux-arm64-gnu": "1.11.13", "@swc/core-linux-arm64-musl": "1.11.13", "@swc/core-linux-x64-gnu": "1.11.13", "@swc/core-linux-x64-musl": "1.11.13", "@swc/core-win32-arm64-msvc": "1.11.13", "@swc/core-win32-ia32-msvc": "1.11.13", "@swc/core-win32-x64-msvc": "1.11.13" }, "peerDependencies": { "@swc/helpers": "*" }, "optionalPeers": ["@swc/helpers"] }, "sha512-9BXdYz12Wl0zWmZ80PvtjBWeg2ncwJ9L5WJzjhN6yUTZWEV/AwAdVdJnIEp4pro3WyKmAaMxcVOSbhuuOZco5g=="],

    "@swc/core-darwin-arm64": ["@swc/core-darwin-arm64@1.11.13", "", { "os": "darwin", "cpu": "arm64" }, "sha512-loSERhLaQ9XDS+5Kdx8cLe2tM1G0HLit8MfehipAcsdctpo79zrRlkW34elOf3tQoVPKUItV0b/rTuhjj8NtHg=="],

    "@swc/core-darwin-x64": ["@swc/core-darwin-x64@1.11.13", "", { "os": "darwin", "cpu": "x64" }, "sha512-uSA4UwgsDCIysUPfPS8OrQTH2h9spO7IYFd+1NB6dJlVGUuR6jLKuMBOP1IeLeax4cGHayvkcwSJ3OvxHwgcZQ=="],

    "@swc/core-linux-arm-gnueabihf": ["@swc/core-linux-arm-gnueabihf@1.11.13", "", { "os": "linux", "cpu": "arm" }, "sha512-boVtyJzS8g30iQfe8Q46W5QE/cmhKRln/7NMz/5sBP/am2Lce9NL0d05NnFwEWJp1e2AMGHFOdRr3Xg1cDiPKw=="],

    "@swc/core-linux-arm64-gnu": ["@swc/core-linux-arm64-gnu@1.11.13", "", { "os": "linux", "cpu": "arm64" }, "sha512-+IK0jZ84zHUaKtwpV+T+wT0qIUBnK9v2xXD03vARubKF+eUqCsIvcVHXmLpFuap62dClMrhCiwW10X3RbXNlHw=="],

    "@swc/core-linux-arm64-musl": ["@swc/core-linux-arm64-musl@1.11.13", "", { "os": "linux", "cpu": "arm64" }, "sha512-+ukuB8RHD5BHPCUjQwuLP98z+VRfu+NkKQVBcLJGgp0/+w7y0IkaxLY/aKmrAS5ofCNEGqKL+AOVyRpX1aw+XA=="],

    "@swc/core-linux-x64-gnu": ["@swc/core-linux-x64-gnu@1.11.13", "", { "os": "linux", "cpu": "x64" }, "sha512-q9H3WI3U3dfJ34tdv60zc8oTuWvSd5fOxytyAO9Pc5M82Hic3jjWaf2xBekUg07ubnMZpyfnv+MlD+EbUI3Llw=="],

    "@swc/core-linux-x64-musl": ["@swc/core-linux-x64-musl@1.11.13", "", { "os": "linux", "cpu": "x64" }, "sha512-9aaZnnq2pLdTbAzTSzy/q8dr7Woy3aYIcQISmw1+Q2/xHJg5y80ZzbWSWKYca/hKonDMjIbGR6dp299I5J0aeA=="],

    "@swc/core-win32-arm64-msvc": ["@swc/core-win32-arm64-msvc@1.11.13", "", { "os": "win32", "cpu": "arm64" }, "sha512-n3QZmDewkHANcoHvtwvA6yJbmS4XJf0MBMmwLZoKDZ2dOnC9D/jHiXw7JOohEuzYcpLoL5tgbqmjxa3XNo9Oow=="],

    "@swc/core-win32-ia32-msvc": ["@swc/core-win32-ia32-msvc@1.11.13", "", { "os": "win32", "cpu": "ia32" }, "sha512-wM+Nt4lc6YSJFthCx3W2dz0EwFNf++j0/2TQ0Js9QLJuIxUQAgukhNDVCDdq8TNcT0zuA399ALYbvj5lfIqG6g=="],

    "@swc/core-win32-x64-msvc": ["@swc/core-win32-x64-msvc@1.11.13", "", { "os": "win32", "cpu": "x64" }, "sha512-+X5/uW3s1L5gK7wAo0E27YaAoidJDo51dnfKSfU7gF3mlEUuWH8H1bAy5OTt2mU4eXtfsdUMEVXSwhDlLtQkuA=="],

    "@swc/counter": ["@swc/counter@0.1.3", "", {}, "sha512-e2BR4lsJkkRlKZ/qCHPw9ZaSxc0MVUd7gtbtaB7aMvHeJVYe8sOB8DBZkP2DtISHGSku9sCK6T6cnY0CtXrOCQ=="],

    "@swc/types": ["@swc/types@0.1.19", "", { "dependencies": { "@swc/counter": "^0.1.3" } }, "sha512-WkAZaAfj44kh/UFdAQcrMP1I0nwRqpt27u+08LMBYMqmQfwwMofYoMh/48NGkMMRfC4ynpfwRbJuu8ErfNloeA=="],

    "@tanstack/history": ["@tanstack/history@1.114.22", "", {}, "sha512-CNwKraj/Xa8H7DUyzrFBQC3wL96JzIxT4i9CW0hxqFNNmLDyUcMJr8264iqqfxC0u1lFSG96URad08T2Qhadpw=="],

    "@tanstack/query-core": ["@tanstack/query-core@5.69.0", "", {}, "sha512-Kn410jq6vs1P8Nm+ZsRj9H+U3C0kjuEkYLxbiCyn3MDEiYor1j2DGVULqAz62SLZtUZ/e9Xt6xMXiJ3NJ65WyQ=="],

    "@tanstack/react-query": ["@tanstack/react-query@5.69.0", "", { "dependencies": { "@tanstack/query-core": "5.69.0" }, "peerDependencies": { "react": "^18 || ^19" } }, "sha512-Ift3IUNQqTcaFa1AiIQ7WCb/PPy8aexZdq9pZWLXhfLcLxH0+PZqJ2xFImxCpdDZrFRZhLJrh76geevS5xjRhA=="],

    "@tanstack/react-router": ["@tanstack/react-router@1.114.27", "", { "dependencies": { "@tanstack/history": "1.114.22", "@tanstack/react-store": "^0.7.0", "@tanstack/router-core": "1.114.25", "jsesc": "^3.1.0", "tiny-invariant": "^1.3.3", "tiny-warning": "^1.0.3" }, "peerDependencies": { "react": ">=18.0.0 || >=19.0.0", "react-dom": ">=18.0.0 || >=19.0.0" } }, "sha512-xfM+FMXpebZQ5//NQEgj5y5SKQqTQEr2/LvePU9IiksxUBCgfjbuOXW5vgDHJ3xXJm3pivYqRx29cHqhueClow=="],

    "@tanstack/react-store": ["@tanstack/react-store@0.7.0", "", { "dependencies": { "@tanstack/store": "0.7.0", "use-sync-external-store": "^1.4.0" }, "peerDependencies": { "react": "^16.8.0 || ^17.0.0 || ^18.0.0 || ^19.0.0", "react-dom": "^16.8.0 || ^17.0.0 || ^18.0.0 || ^19.0.0" } }, "sha512-S/Rq17HaGOk+tQHV/yrePMnG1xbsKZIl/VsNWnNXt4XW+tTY8dTlvpJH2ZQ3GRALsusG5K6Q3unAGJ2pd9W/Ng=="],

    "@tanstack/router-core": ["@tanstack/router-core@1.114.25", "", { "dependencies": { "@tanstack/history": "1.114.22", "@tanstack/store": "^0.7.0", "tiny-invariant": "^1.3.3" } }, "sha512-OyLCfs7r+0LEhmQGAdyJxfO+pqGBITlr4aUN0rdhXqDTpqBn0tyrO6Tu+U9B3LQF9Xnux3KqbjzRopTY9QZBog=="],

    "@tanstack/store": ["@tanstack/store@0.7.0", "", {}, "sha512-CNIhdoUsmD2NolYuaIs8VfWM467RK6oIBAW4nPEKZhg1smZ+/CwtCdpURgp7nxSqOaV9oKkzdWD80+bC66F/Jg=="],

    "@types/estree": ["@types/estree@1.0.6", "", {}, "sha512-AYnb1nQyY49te+VRAVgmzfcgjYS91mY5P0TKUDCLEM+gNnA+3T6rWITXRLYCpahpqSQbN5cE+gHpnPyXjHWxcw=="],

    "@types/node": ["@types/node@22.13.12", "", { "dependencies": { "undici-types": "~6.20.0" } }, "sha512-ixiWrCSRi33uqBMRuICcKECW7rtgY43TbsHDpM2XK7lXispd48opW+0IXrBVxv9NMhaz/Ue9kyj6r3NTVyXm8A=="],

    "@types/react": ["@types/react@19.0.12", "", { "dependencies": { "csstype": "^3.0.2" } }, "sha512-V6Ar115dBDrjbtXSrS+/Oruobc+qVbbUxDFC1RSbRqLt5SYvxxyIDrSC85RWml54g+jfNeEMZhEj7wW07ONQhA=="],

    "@types/react-dom": ["@types/react-dom@19.0.4", "", { "peerDependencies": { "@types/react": "^19.0.0" } }, "sha512-4fSQ8vWFkg+TGhePfUzVmat3eC14TXYSsiiDSLI0dVLsrm9gZFABjPy/Qu6TKgl1tq1Bu1yDsuQgY3A3DOjCcg=="],

    "@vitejs/plugin-react-swc": ["@vitejs/plugin-react-swc@3.8.1", "", { "dependencies": { "@swc/core": "^1.11.11" }, "peerDependencies": { "vite": "^4 || ^5 || ^6" } }, "sha512-aEUPCckHDcFyxpwFm0AIkbtv6PpUp3xTb9wYGFjtABynXjCYKkWoxX0AOK9NT9XCrdk6mBBUOeHQS+RKdcNO1A=="],

    "acorn": ["acorn@8.14.1", "", { "bin": { "acorn": "bin/acorn" } }, "sha512-OvQ/2pUDKmgfCg++xsTX1wGxfTaszcHVcTctW4UJB4hibJx2HXxxO5UmVgyjMa+ZDsiaf5wWLXYpRWMmBI0QHg=="],

    "ansi-styles": ["ansi-styles@4.3.0", "", { "dependencies": { "color-convert": "^2.0.1" } }, "sha512-zbB9rCJAT1rbjiVDb2hqKFHNYLxgtk8NURxZ3IZwD3F6NtxbXZQCnnSi1Lkx+IDohdPlFp222wVALIheZJQSEg=="],

    "braces": ["braces@3.0.3", "", { "dependencies": { "fill-range": "^7.1.1" } }, "sha512-yQbXgO/OSZVD2IsiLlro+7Hf6Q18EJrKSEsdoMzKePKXct3gvD8oLcOQdIzGupr5Fj+EDe8gO/lxc1BzfMpxvA=="],

    "buffer-from": ["buffer-from@1.1.2", "", {}, "sha512-E+XQCRwSbaaiChtv6k6Dwgc+bx+Bs6vuKJHHl5kox/BaKbhiXzqQOwK4cO22yElGp2OCmjwVhT3HmxgyPGnJfQ=="],

    "chalk": ["chalk@4.1.2", "", { "dependencies": { "ansi-styles": "^4.1.0", "supports-color": "^7.1.0" } }, "sha512-oKnbhFyRIXpUuez8iBMmyEa4nbj4IOQyuhc/wy9kY7/WVPcwIO9VA668Pu8RkO7+0G76SLROeyw9CpQ061i4mA=="],

    "chokidar": ["chokidar@4.0.3", "", { "dependencies": { "readdirp": "^4.0.1" } }, "sha512-Qgzu8kfBvo+cA4962jnP1KkS6Dop5NS6g7R5LFYJr4b8Ub94PPQXUksCw9PvXoeXPRRddRNC5C1JQUR2SMGtnA=="],

    "color-convert": ["color-convert@2.0.1", "", { "dependencies": { "color-name": "~1.1.4" } }, "sha512-RRECPsj7iu/xb5oKYcsFHSppFNnsj/52OVTRKb4zP5onXwVF3zVmmToNcOfGC+CRDpfK/U584fMg38ZHCaElKQ=="],

    "color-name": ["color-name@1.1.4", "", {}, "sha512-dOy+3AuW3a2wNbZHIuMZpTcgjGuLU/uBL/ubcZF9OXbDo8ff4O8yVp5Bf0efS8uEoYo5q4Fx7dY9OgQGXgAsQA=="],

    "commander": ["commander@2.20.3", "", {}, "sha512-GpVkmM8vF2vQUkj2LvZmD35JxeJOLCwJ9cUkugyk2nuhbv3+mJvpLYYt+0+USMxE+oj+ey/lJEnhZw75x/OMcQ=="],

    "csstype": ["csstype@3.1.3", "", {}, "sha512-M1uQkMl8rQK/szD0LNhtqxIPLpimGm8sOBwU7lLnCpSbTyY3yeU1Vc7l4KT5zT4s/yOxHH5O7tIuuLOCnLADRw=="],

    "debug": ["debug@4.4.0", "", { "dependencies": { "ms": "^2.1.3" } }, "sha512-6WTZ/IxCY/T6BALoZHaE4ctp9xm+Z5kY/pzYaCHRFeyVhojxlrm+46y68HA6hr0TcwEssoxNiDEUJQjfPZ/RYA=="],

    "detect-libc": ["detect-libc@1.0.3", "", { "bin": { "detect-libc": "./bin/detect-libc.js" } }, "sha512-pGjwhsmsp4kL2RTz08wcOlGN83otlqHeD/Z5T8GXZB+/YcpQ/dgo+lbU8ZsGxV0HIvqqxo9l7mqYwyYMD9bKDg=="],

    "esbuild": ["esbuild@0.25.1", "", { "optionalDependencies": { "@esbuild/aix-ppc64": "0.25.1", "@esbuild/android-arm": "0.25.1", "@esbuild/android-arm64": "0.25.1", "@esbuild/android-x64": "0.25.1", "@esbuild/darwin-arm64": "0.25.1", "@esbuild/darwin-x64": "0.25.1", "@esbuild/freebsd-arm64": "0.25.1", "@esbuild/freebsd-x64": "0.25.1", "@esbuild/linux-arm": "0.25.1", "@esbuild/linux-arm64": "0.25.1", "@esbuild/linux-ia32": "0.25.1", "@esbuild/linux-loong64": "0.25.1", "@esbuild/linux-mips64el": "0.25.1", "@esbuild/linux-ppc64": "0.25.1", "@esbuild/linux-riscv64": "0.25.1", "@esbuild/linux-s390x": "0.25.1", "@esbuild/linux-x64": "0.25.1", "@esbuild/netbsd-arm64": "0.25.1", "@esbuild/netbsd-x64": "0.25.1", "@esbuild/openbsd-arm64": "0.25.1", "@esbuild/openbsd-x64": "0.25.1", "@esbuild/sunos-x64": "0.25.1", "@esbuild/win32-arm64": "0.25.1", "@esbuild/win32-ia32": "0.25.1", "@esbuild/win32-x64": "0.25.1" }, "bin": { "esbuild": "bin/esbuild" } }, "sha512-BGO5LtrGC7vxnqucAe/rmvKdJllfGaYWdyABvyMoXQlfYMb2bbRuReWR5tEGE//4LcNJj9XrkovTqNYRFZHAMQ=="],

    "fill-range": ["fill-range@7.1.1", "", { "dependencies": { "to-regex-range": "^5.0.1" } }, "sha512-YsGpe3WHLK8ZYi4tWDg2Jy3ebRz2rXowDxnld4bkQB00cc/1Zw9AWnC0i9ztDJitivtQvaI9KaLyKrc+hBW0yg=="],

    "framer-motion": ["framer-motion@12.5.0", "", { "dependencies": { "motion-dom": "^12.5.0", "motion-utils": "^12.5.0", "tslib": "^2.4.0" }, "peerDependencies": { "@emotion/is-prop-valid": "*", "react": "^18.0.0 || ^19.0.0", "react-dom": "^18.0.0 || ^19.0.0" }, "optionalPeers": ["@emotion/is-prop-valid", "react", "react-dom"] }, "sha512-buPlioFbH9/W7rDzYh1C09AuZHAk2D1xTA1BlounJ2Rb9aRg84OXexP0GLd+R83v0khURdMX7b5MKnGTaSg5iA=="],

    "fs-extra": ["fs-extra@10.1.0", "", { "dependencies": { "graceful-fs": "^4.2.0", "jsonfile": "^6.0.1", "universalify": "^2.0.0" } }, "sha512-oRXApq54ETRj4eMiFzGnHWGy+zo5raudjuxN0b8H7s/RU2oW0Wvsx9O0ACRN/kRq9E8Vu/ReskGB5o3ji+FzHQ=="],

    "fsevents": ["fsevents@2.3.3", "", { "os": "darwin" }, "sha512-5xoDfX+fL7faATnagmWPpbFtwh/R77WmMMqqHGS65C3vvB0YHrgF+B1YmZ3441tMj5n63k0212XNoJwzlhffQw=="],

    "get-tsconfig": ["get-tsconfig@4.10.0", "", { "dependencies": { "resolve-pkg-maps": "^1.0.0" } }, "sha512-kGzZ3LWWQcGIAmg6iWvXn0ei6WDtV26wzHRMwDSzmAbcXrTEXxHy6IehI6/4eT6VRKyMP1eF1VqwrVUmE/LR7A=="],

    "globrex": ["globrex@0.1.2", "", {}, "sha512-uHJgbwAMwNFf5mLst7IWLNg14x1CkeqglJb/K3doi4dw6q2IvAAmM/Y81kevy83wP+Sst+nutFTYOGg3d1lsxg=="],

    "graceful-fs": ["graceful-fs@4.2.11", "", {}, "sha512-RbJ5/jmFcNNCcDV5o9eTnBLJ/HszWV0P73bc+Ff4nS/rJj+YaS6IGyiOL0VoBYX+l1Wrl3k63h/KrH+nhJ0XvQ=="],

    "has-flag": ["has-flag@4.0.0", "", {}, "sha512-EykJT/Q1KjTWctppgIAgfSO0tKVuZUjhgMr17kqTumMl6Afv3EISleU7qZUzoXDFTAHTDC4NOoG/ZxU3EvlMPQ=="],

    "immutable": ["immutable@5.0.3", "", {}, "sha512-P8IdPQHq3lA1xVeBRi5VPqUm5HDgKnx0Ru51wZz5mjxHr5n3RWhjIpOFU7ybkUxfB+5IToy+OLaHYDBIWsv+uw=="],

    "is-extglob": ["is-extglob@2.1.1", "", {}, "sha512-SbKbANkN603Vi4jEZv49LeVJMn4yGwsbzZworEoyEiutsN3nJYdbO36zfhGJ6QEDpOZIFkDtnq5JRxmvl3jsoQ=="],

    "is-glob": ["is-glob@4.0.3", "", { "dependencies": { "is-extglob": "^2.1.1" } }, "sha512-xelSayHH36ZgE7ZWhli7pW34hNbNl8Ojv5KVmkJD4hBdD3th8Tfk9vYasLM+mXWOZhFkgZfxhLSnrwRr4elSSg=="],

    "is-number": ["is-number@7.0.0", "", {}, "sha512-41Cifkg6e8TylSpdtTpeLVMqvSBEVzTttHvERD741+pnZ8ANv0004MRL43QKPDlK9cGvNp6NZWZUBlbGXYxxng=="],

    "jiti": ["jiti@1.21.7", "", { "bin": { "jiti": "bin/jiti.js" } }, "sha512-/imKNG4EbWNrVjoNC/1H5/9GFy+tqjGBHCaSsN+P2RnPqjsLmv6UD3Ej+Kj8nBWaRAwyk7kK5ZUc+OEatnTR3A=="],

    "jsesc": ["jsesc@3.1.0", "", { "bin": { "jsesc": "bin/jsesc" } }, "sha512-/sM3dO2FOzXjKQhJuo0Q173wf2KOo8t4I8vHy6lF9poUp7bKT0/NHE8fPX23PwfhnykfqnC2xRxOnVw5XuGIaA=="],

    "jsonfile": ["jsonfile@6.1.0", "", { "dependencies": { "universalify": "^2.0.0" }, "optionalDependencies": { "graceful-fs": "^4.1.6" } }, "sha512-5dgndWOriYSm5cnYaJNhalLNDKOqFwyDB/rr1E9ZsGciGvKPs8R2xYGCacuf3z6K1YKDz182fd+fY3cn3pMqXQ=="],

    "micromatch": ["micromatch@4.0.8", "", { "dependencies": { "braces": "^3.0.3", "picomatch": "^2.3.1" } }, "sha512-PXwfBhYu0hBCPw8Dn0E+WDYb7af3dSLVWKi3HGv84IdF4TyFoC0ysxFd0Goxw7nSv4T/PzEJQxsYsEiFCKo2BA=="],

    "motion-dom": ["motion-dom@12.5.0", "", { "dependencies": { "motion-utils": "^12.5.0" } }, "sha512-uH2PETDh7m+Hjd1UQQ56yHqwn83SAwNjimNPE/kC+Kds0t4Yh7+29rfo5wezVFpPOv57U4IuWved5d1x0kNhbQ=="],

    "motion-utils": ["motion-utils@12.5.0", "", {}, "sha512-+hFFzvimn0sBMP9iPxBa9OtRX35ZQ3py0UHnb8U29VD+d8lQ8zH3dTygJWqK7av2v6yhg7scj9iZuvTS0f4+SA=="],

    "ms": ["ms@2.1.3", "", {}, "sha512-6FlzubTLZG3J2a/NVCAleEhjzq5oxgHyaCU9yYXvcLsvoVaHJq/s5xXI6/XXP6tz7R9xAOtHnSO/tXtF3WRTlA=="],

    "nanoid": ["nanoid@3.3.11", "", { "bin": { "nanoid": "bin/nanoid.cjs" } }, "sha512-N8SpfPUnUp1bK+PMYW8qSWdl9U+wwNWI4QKxOYDy9JAro3WMX7p2OeVRF9v+347pnakNevPmiHhNmZ2HbFA76w=="],

    "node-addon-api": ["node-addon-api@7.1.1", "", {}, "sha512-5m3bsyrjFWE1xf7nz7YXdN4udnVtXK6/Yfgn5qnahL6bCkf2yKt4k3nuTKAtT4r3IG8JNR2ncsIMdZuAzJjHQQ=="],

    "picocolors": ["picocolors@1.1.1", "", {}, "sha512-xceH2snhtb5M9liqDsmEw56le376mTZkEX/jEb/RxNFyegNul7eNslCXP9FDj/Lcu0X8KEyMceP2ntpaHrDEVA=="],

    "picomatch": ["picomatch@2.3.1", "", {}, "sha512-JU3teHTNjmE2VCGFzuY8EXzCDVwEqB2a8fsIvwaStHhAWJEeVd1o1QD80CU6+ZdEXXSLbSsuLwJjkCBWqRQUVA=="],

    "postcss": ["postcss@8.5.3", "", { "dependencies": { "nanoid": "^3.3.8", "picocolors": "^1.1.1", "source-map-js": "^1.2.1" } }, "sha512-dle9A3yYxlBSrt8Fu+IpjGT8SY8hN0mlaA6GY8t0P5PjIOZemULz/E2Bnm/2dcUOena75OTNkHI76uZBNUUq3A=="],

    "react": ["react@19.0.0", "", {}, "sha512-V8AVnmPIICiWpGfm6GLzCR/W5FXLchHop40W4nXBmdlEceh16rCN8O8LNWm5bh5XUX91fh7KpA+W0TgMKmgTpQ=="],

    "react-dom": ["react-dom@19.0.0", "", { "dependencies": { "scheduler": "^0.25.0" }, "peerDependencies": { "react": "^19.0.0" } }, "sha512-4GV5sHFG0e/0AD4X+ySy6UJd3jVl1iNsNHdpad0qhABJ11twS3TTBnseqsKurKcsNqCEFeGL3uLpVChpIO3QfQ=="],

    "react-error-boundary": ["react-error-boundary@5.0.0", "", { "dependencies": { "@babel/runtime": "^7.12.5" }, "peerDependencies": { "react": ">=16.13.1" } }, "sha512-tnjAxG+IkpLephNcePNA7v6F/QpWLH8He65+DmedchDwg162JZqx4NmbXj0mlAYVVEd81OW7aFhmbsScYfiAFQ=="],

    "react-hook-form": ["react-hook-form@7.54.2", "", { "peerDependencies": { "react": "^16.8.0 || ^17 || ^18 || ^19" } }, "sha512-eHpAUgUjWbZocoQYUHposymRb4ZP6d0uwUnooL2uOybA9/3tPUvoAKqEWK1WaSiTxxOfTpffNZP7QwlnM3/gEg=="],

    "readdirp": ["readdirp@4.1.2", "", {}, "sha512-GDhwkLfywWL2s6vEjyhri+eXmfH6j1L7JE27WhqLeYzoh/A3DBaYGEj2H/HFZCn/kMfim73FXxEJTw06WtxQwg=="],

    "regenerator-runtime": ["regenerator-runtime@0.14.1", "", {}, "sha512-dYnhHh0nJoMfnkZs6GmmhFknAGRrLznOu5nc9ML+EJxGvrx6H7teuevqVqCuPcPK//3eDrrjQhehXVx9cnkGdw=="],

    "resolve-pkg-maps": ["resolve-pkg-maps@1.0.0", "", {}, "sha512-seS2Tj26TBVOC2NIc2rOe2y2ZO7efxITtLZcGSOnHHNOQ7CkiUBfw0Iw2ck6xkIhPwLhKNLS8BO+hEpngQlqzw=="],

    "rollup": ["rollup@4.37.0", "", { "dependencies": { "@types/estree": "1.0.6" }, "optionalDependencies": { "@rollup/rollup-android-arm-eabi": "4.37.0", "@rollup/rollup-android-arm64": "4.37.0", "@rollup/rollup-darwin-arm64": "4.37.0", "@rollup/rollup-darwin-x64": "4.37.0", "@rollup/rollup-freebsd-arm64": "4.37.0", "@rollup/rollup-freebsd-x64": "4.37.0", "@rollup/rollup-linux-arm-gnueabihf": "4.37.0", "@rollup/rollup-linux-arm-musleabihf": "4.37.0", "@rollup/rollup-linux-arm64-gnu": "4.37.0", "@rollup/rollup-linux-arm64-musl": "4.37.0", "@rollup/rollup-linux-loongarch64-gnu": "4.37.0", "@rollup/rollup-linux-powerpc64le-gnu": "4.37.0", "@rollup/rollup-linux-riscv64-gnu": "4.37.0", "@rollup/rollup-linux-riscv64-musl": "4.37.0", "@rollup/rollup-linux-s390x-gnu": "4.37.0", "@rollup/rollup-linux-x64-gnu": "4.37.0", "@rollup/rollup-linux-x64-musl": "4.37.0", "@rollup/rollup-win32-arm64-msvc": "4.37.0", "@rollup/rollup-win32-ia32-msvc": "4.37.0", "@rollup/rollup-win32-x64-msvc": "4.37.0", "fsevents": "~2.3.2" }, "bin": { "rollup": "dist/bin/rollup" } }, "sha512-iAtQy/L4QFU+rTJ1YUjXqJOJzuwEghqWzCEYD2FEghT7Gsy1VdABntrO4CLopA5IkflTyqNiLNwPcOJ3S7UKLg=="],

    "sass": ["sass@1.86.0", "", { "dependencies": { "chokidar": "^4.0.0", "immutable": "^5.0.2", "source-map-js": ">=0.6.2 <2.0.0" }, "optionalDependencies": { "@parcel/watcher": "^2.4.1" }, "bin": { "sass": "sass.js" } }, "sha512-zV8vGUld/+mP4KbMLJMX7TyGCuUp7hnkOScgCMsWuHtns8CWBoz+vmEhoGMXsaJrbUP8gj+F1dLvVe79sK8UdA=="],

    "scheduler": ["scheduler@0.25.0", "", {}, "sha512-xFVuu11jh+xcO7JOAGJNOXld8/TcEHK/4CituBUeUb5hqxJLj9YuemAEuvm9gQ/+pgXYfbQuqAkiYu+u7YEsNA=="],

    "source-map": ["source-map@0.6.1", "", {}, "sha512-UjgapumWlbMhkBgzT7Ykc5YXUT46F0iKu8SGXq0bcwP5dz/h0Plj6enJqjz1Zbq2l5WaqYnrVbwWOWMyF3F47g=="],

    "source-map-js": ["source-map-js@1.2.1", "", {}, "sha512-UXWMKhLOwVKb728IUtQPXxfYU+usdybtUrK/8uGE8CQMvrhOpwvzDBwj0QhSL7MQc7vIsISBG8VQ8+IDQxpfQA=="],

    "source-map-support": ["source-map-support@0.5.21", "", { "dependencies": { "buffer-from": "^1.0.0", "source-map": "^0.6.0" } }, "sha512-uBHU3L3czsIyYXKX88fdrGovxdSCoTGDRZ6SYXtSRxLZUzHg5P/66Ht6uoUlHu9EZod+inXhKo3qQgwXUT/y1w=="],

    "supports-color": ["supports-color@7.2.0", "", { "dependencies": { "has-flag": "^4.0.0" } }, "sha512-qpCAvRl9stuOHveKsn7HncJRvv501qIacKzQlO/+Lwxc9+0q2wLyv4Dfvt80/DPn2pqOBsJdDiogXGR9+OvwRw=="],

    "terser": ["terser@5.39.0", "", { "dependencies": { "@jridgewell/source-map": "^0.3.3", "acorn": "^8.8.2", "commander": "^2.20.0", "source-map-support": "~0.5.20" }, "bin": { "terser": "bin/terser" } }, "sha512-LBAhFyLho16harJoWMg/nZsQYgTrg5jXOn2nCYjRUcZZEdE3qa2zb8QEDRUGVZBW4rlazf2fxkg8tztybTaqWw=="],

    "tiny-invariant": ["tiny-invariant@1.3.3", "", {}, "sha512-+FbBPE1o9QAYvviau/qC5SE3caw21q3xkvWKBtja5vgqOWIHHJ3ioaq1VPfn/Szqctz2bU/oYeKd9/z5BL+PVg=="],

    "tiny-warning": ["tiny-warning@1.0.3", "", {}, "sha512-lBN9zLN/oAf68o3zNXYrdCt1kP8WsiGW8Oo2ka41b2IM5JL/S1CTyX1rW0mb/zSuJun0ZUrDxx4sqvYS2FWzPA=="],

    "to-regex-range": ["to-regex-range@5.0.1", "", { "dependencies": { "is-number": "^7.0.0" } }, "sha512-65P7iz6X5yEr1cwcgvQxbbIw7Uk3gOy5dIdtZ4rDveLqhrdJP+Li/Hx6tyK0NEb+2GCyneCMJiGqrADCSNk8sQ=="],

    "tsconfck": ["tsconfck@3.1.5", "", { "peerDependencies": { "typescript": "^5.0.0" }, "optionalPeers": ["typescript"], "bin": { "tsconfck": "bin/tsconfck.js" } }, "sha512-CLDfGgUp7XPswWnezWwsCRxNmgQjhYq3VXHM0/XIRxhVrKw0M1if9agzryh1QS3nxjCROvV+xWxoJO1YctzzWg=="],

    "tslib": ["tslib@2.8.1", "", {}, "sha512-oJFu94HQb+KVduSUQL7wnpmqnfmLsOA/nAh6b6EH0wCEoK0/mPeXU6c3wKDV83MkOuHPRHtSXKKU99IBazS/2w=="],

    "tsx": ["tsx@4.19.3", "", { "dependencies": { "esbuild": "~0.25.0", "get-tsconfig": "^4.7.5" }, "optionalDependencies": { "fsevents": "~2.3.3" }, "bin": { "tsx": "dist/cli.mjs" } }, "sha512-4H8vUNGNjQ4V2EOoGw005+c+dGuPSnhpPBPHBtsZdGZBk/iJb4kguGlPWaZTZ3q5nMtFOEsY0nRDlh9PJyd6SQ=="],

    "typescript": ["typescript@5.8.2", "", { "bin": { "tsc": "bin/tsc", "tsserver": "bin/tsserver" } }, "sha512-aJn6wq13/afZp/jT9QZmwEjDqqvSGp1VT5GVg+f/t6/oVyrgXM6BY1h9BRh/O5p3PlUPAe+WuiEZOmb/49RqoQ=="],

    "undici-types": ["undici-types@6.20.0", "", {}, "sha512-Ny6QZ2Nju20vw1SRHe3d9jVu6gJ+4e3+MMpqu7pqE5HT6WsTSlce++GQmK5UXS8mzV8DSYHrQH+Xrf2jVcuKNg=="],

    "universalify": ["universalify@2.0.1", "", {}, "sha512-gptHNQghINnc/vTGIk0SOFGFNXw7JVrlRUtConJRlvaw6DuX0wO5Jeko9sWrMBhh+PsYAZ7oXAiOnf/UKogyiw=="],

    "use-sync-external-store": ["use-sync-external-store@1.4.0", "", { "peerDependencies": { "react": "^16.8.0 || ^17.0.0 || ^18.0.0 || ^19.0.0" } }, "sha512-9WXSPC5fMv61vaupRkCKCxsPxBocVnwakBEkMIHHpkTTg6icbJtg6jzgtLDm4bl3cSHAca52rYWih0k4K3PfHw=="],

    "vite": ["vite@6.2.2", "", { "dependencies": { "esbuild": "^0.25.0", "postcss": "^8.5.3", "rollup": "^4.30.1" }, "optionalDependencies": { "fsevents": "~2.3.3" }, "peerDependencies": { "@types/node": "^18.0.0 || ^20.0.0 || >=22.0.0", "jiti": ">=1.21.0", "less": "*", "lightningcss": "^1.21.0", "sass": "*", "sass-embedded": "*", "stylus": "*", "sugarss": "*", "terser": "^5.16.0", "tsx": "^4.8.1", "yaml": "^2.4.2" }, "optionalPeers": ["@types/node", "jiti", "less", "lightningcss", "sass", "sass-embedded", "stylus", "sugarss", "terser", "tsx", "yaml"], "bin": { "vite": "bin/vite.js" } }, "sha512-yW7PeMM+LkDzc7CgJuRLMW2Jz0FxMOsVJ8Lv3gpgW9WLcb9cTW+121UEr1hvmfR7w3SegR5ItvYyzVz1vxNJgQ=="],

    "vite-plugin-compression": ["vite-plugin-compression@0.5.1", "", { "dependencies": { "chalk": "^4.1.2", "debug": "^4.3.3", "fs-extra": "^10.0.0" }, "peerDependencies": { "vite": ">=2.0.0" } }, "sha512-5QJKBDc+gNYVqL/skgFAP81Yuzo9R+EAf19d+EtsMF/i8kFUpNi3J/H01QD3Oo8zBQn+NzoCIFkpPLynoOzaJg=="],

    "vite-tsconfig-paths": ["vite-tsconfig-paths@5.1.4", "", { "dependencies": { "debug": "^4.1.1", "globrex": "^0.1.2", "tsconfck": "^3.0.3" }, "peerDependencies": { "vite": "*" }, "optionalPeers": ["vite"] }, "sha512-cYj0LRuLV2c2sMqhqhGpaO3LretdtMn/BVX4cPLanIZuwwrkVl+lK84E/miEXkCHWXuq65rhNN4rXsBcOB3S4w=="],

    "zod": ["zod@3.24.2", "", {}, "sha512-lY7CDW43ECgW9u1TcT3IoXHflywfVqDYze4waEz812jR/bZ8FHDsl7pFQoSZTz5N+2NqRXs8GBwnAwo3ZNxqhQ=="],

    "zustand": ["zustand@5.0.3", "", { "peerDependencies": { "@types/react": ">=18.0.0", "immer": ">=9.0.6", "react": ">=18.0.0", "use-sync-external-store": ">=1.2.0" }, "optionalPeers": ["@types/react", "immer", "react", "use-sync-external-store"] }, "sha512-14fwWQtU3pH4dE0dOpdMiWjddcH+QzKIgk1cl8epwSE7yag43k/AD/m4L6+K7DytAOr9gGBe3/EXj9g7cdostg=="],
  }
}
